
Microsoft Visual Studio Solution File, Format Version 12.00
# Visual Studio Version 17
VisualStudioVersion = 17.9.34902.65
MinimumVisualStudioVersion = 10.0.40219.1
Project("{9A19103F-16F7-4668-BE54-9A1E7A4F7556}") = "ServerInfo", "src\ServerInfo\ServerInfo.csproj", "{354D1EE6-7549-45D8-8C2F-F6B9554C96F5}"
EndProject
Project("{2150E333-8FDC-42A3-9474-1A3956D46DE8}") = "docker", "docker", "{3996D04C-9C8D-4B22-BEB8-B6CA9815ADE5}"
	ProjectSection(SolutionItems) = preProject
		docker\docker-compose-local.yml = docker\docker-compose-local.yml
		docker\Dockerfile = docker\Dockerfile
	EndProjectSection
EndProject
Global
	GlobalSection(SolutionConfigurationPlatforms) = preSolution
		Debug|Any CPU = Debug|Any CPU
		Release|Any CPU = Release|Any CPU
	EndGlobalSection
	GlobalSection(ProjectConfigurationPlatforms) = postSolution
		{354D1EE6-7549-45D8-8C2F-F6B9554C96F5}.Debug|Any CPU.ActiveCfg = Debug|Any CPU
		{354D1EE6-7549-45D8-8C2F-F6B9554C96F5}.Debug|Any CPU.Build.0 = Debug|Any CPU
		{354D1EE6-7549-45D8-8C2F-F6B9554C96F5}.Release|Any CPU.ActiveCfg = Release|Any CPU
		{354D1EE6-7549-45D8-8C2F-F6B9554C96F5}.Release|Any CPU.Build.0 = Release|Any CPU
	EndGlobalSection
	GlobalSection(SolutionProperties) = preSolution
		HideSolutionNode = FALSE
	EndGlobalSection
	GlobalSection(ExtensibilityGlobals) = postSolution
		SolutionGuid = {E6144EE0-7806-4BE0-9FB7-5EDCB32A61E8}
	EndGlobalSection
EndGlobal
